
Microsoft Visual Studio Solution File, Format Version 12.00
# Visual Studio Version 17
VisualStudioVersion = 17.9.34607.119
MinimumVisualStudioVersion = 10.0.40219.1
Project("{9A19103F-16F7-4668-BE54-9A1E7A4F7556}") = "BankOcr.Business", "BankOcr.Business\BankOcr.Business.csproj", "{0A054D16-0B27-40E5-96FE-2469E88E5CFB}"
EndProject
Project("{FAE04EC0-301F-11D3-BF4B-00C04F79EFBC}") = "BankOcr.Business.Tests", "BankOcr.Business.Tests\BankOcr.Business.Tests.csproj", "{974686A4-F017-444E-BC1A-DDF825D5B363}"
EndProject
Global
	GlobalSection(SolutionConfigurationPlatforms) = preSolution
		Debug|Any CPU = Debug|Any CPU
		Release|Any CPU = Release|Any CPU
	EndGlobalSection
	GlobalSection(ProjectConfigurationPlatforms) = postSolution
		{0A054D16-0B27-40E5-96FE-2469E88E5CFB}.Debug|Any CPU.ActiveCfg = Debug|Any CPU
		{0A054D16-0B27-40E5-96FE-2469E88E5CFB}.Debug|Any CPU.Build.0 = Debug|Any CPU
		{0A054D16-0B27-40E5-96FE-2469E88E5CFB}.Release|Any CPU.ActiveCfg = Release|Any CPU
		{0A054D16-0B27-40E5-96FE-2469E88E5CFB}.Release|Any CPU.Build.0 = Release|Any CPU
		{974686A4-F017-444E-BC1A-DDF825D5B363}.Debug|Any CPU.ActiveCfg = Debug|Any CPU
		{974686A4-F017-444E-BC1A-DDF825D5B363}.Debug|Any CPU.Build.0 = Debug|Any CPU
		{974686A4-F017-444E-BC1A-DDF825D5B363}.Release|Any CPU.ActiveCfg = Release|Any CPU
		{974686A4-F017-444E-BC1A-DDF825D5B363}.Release|Any CPU.Build.0 = Release|Any CPU
	EndGlobalSection
	GlobalSection(SolutionProperties) = preSolution
		HideSolutionNode = FALSE
	EndGlobalSection
	GlobalSection(ExtensibilityGlobals) = postSolution
		SolutionGuid = {32CBC3B7-E82A-4F24-AA6C-77BA8CA0148C}
	EndGlobalSection
EndGlobal
